<Solution>
  <Folder Name="/samples/">
    <Project Path="samples/AvaloniaRichEditor.Demo/AvaloniaRichEditor.Demo.csproj" />
  </Folder>
  <Folder Name="/src/">
    <Project Path="src/AvaloniaRichEditor/AvaloniaRichEditor.csproj" />
  </Folder>
  <Folder Name="/tests/">
    <Project Path="tests/AvaloniaRichEditor.Tests/AvaloniaRichEditor.Tests.csproj" />
    <Project Path="tests/AvaloniaRichEditor.Tests.Render/AvaloniaRichEditor.Tests.Render.csproj" />
  </Folder>
</Solution>
